Microsoft Visual Studio Solution File, Format Version 12.00
# Visual Studio Version 17
VisualStudioVersion = 17.0.31903.59
MinimumVisualStudioVersion = 10.0.40219.1
Project("{9A19103F-16F7-4668-BE54-9A1E7A4F7556}") = "QingTab", "QingTab\QingTab.csproj", "{B3C7E1D0-4B5E-4F0A-9C3B-1E2A5D6F8A90}"
EndProject
Project("{FAE04EC0-301F-11D3-BF4B-00C04F79EFBC}") = "QingTab.Tests", "tests\QingTab.Tests\QingTab.Tests.csproj", "{A27D9C21-6FA8-4A2B-96C6-9D4E8F0B1C35}"
EndProject
Project("{FAE04EC0-301F-11D3-BF4B-00C04F79EFBC}") = "QingTab.LifecycleTests", "tests\QingTab.LifecycleTests\QingTab.LifecycleTests.csproj", "{7C7D8A31-2F4B-4D35-9A3E-0F7431D29C52}"
EndProject
Global
	GlobalSection(SolutionConfigurationPlatforms) = preSolution
		Debug|Any CPU = Debug|Any CPU
		Release|Any CPU = Release|Any CPU
	EndGlobalSection
	GlobalSection(ProjectConfigurationPlatforms) = postSolution
		{B3C7E1D0-4B5E-4F0A-9C3B-1E2A5D6F8A90}.Debug|Any CPU.ActiveCfg = Debug|Any CPU
		{B3C7E1D0-4B5E-4F0A-9C3B-1E2A5D6F8A90}.Debug|Any CPU.Build.0 = Debug|Any CPU
		{B3C7E1D0-4B5E-4F0A-9C3B-1E2A5D6F8A90}.Release|Any CPU.ActiveCfg = Release|Any CPU
		{B3C7E1D0-4B5E-4F0A-9C3B-1E2A5D6F8A90}.Release|Any CPU.Build.0 = Release|Any CPU
		{A27D9C21-6FA8-4A2B-96C6-9D4E8F0B1C35}.Debug|Any CPU.ActiveCfg = Debug|Any CPU
		{A27D9C21-6FA8-4A2B-96C6-9D4E8F0B1C35}.Debug|Any CPU.Build.0 = Debug|Any CPU
		{A27D9C21-6FA8-4A2B-96C6-9D4E8F0B1C35}.Release|Any CPU.ActiveCfg = Release|Any CPU
		{A27D9C21-6FA8-4A2B-96C6-9D4E8F0B1C35}.Release|Any CPU.Build.0 = Release|Any CPU
		{7C7D8A31-2F4B-4D35-9A3E-0F7431D29C52}.Debug|Any CPU.ActiveCfg = Debug|Any CPU
		{7C7D8A31-2F4B-4D35-9A3E-0F7431D29C52}.Debug|Any CPU.Build.0 = Debug|Any CPU
		{7C7D8A31-2F4B-4D35-9A3E-0F7431D29C52}.Release|Any CPU.ActiveCfg = Release|Any CPU
		{7C7D8A31-2F4B-4D35-9A3E-0F7431D29C52}.Release|Any CPU.Build.0 = Release|Any CPU
	EndGlobalSection
	GlobalSection(SolutionProperties) = preSolution
		HideSolutionNode = FALSE
	EndGlobalSection
	GlobalSection(ExtensibilityGlobals) = postSolution
		SolutionGuid = {D3F2A8E0-7C51-4B8A-9D4E-21C05F6B7A32}
	EndGlobalSection
EndGlobal
